
Microsoft Visual Studio Solution File, Format Version 12.00
# Visual Studio Version 16
VisualStudioVersion = 16.0.31424.327
MinimumVisualStudioVersion = 10.0.40219.1
Project("{FAE04EC0-301F-11D3-BF4B-00C04F79EFBC}") = "LINQ_lessons", "LINQ_lessons\LINQ_lessons.csproj", "{1FC1E56C-013B-4137-A0DC-9700BCB984C6}"
EndProject
Global
	GlobalSection(SolutionConfigurationPlatforms) = preSolution
		Debug|Any CPU = Debug|Any CPU
		Release|Any CPU = Release|Any CPU
	EndGlobalSection
	GlobalSection(ProjectConfigurationPlatforms) = postSolution
		{1FC1E56C-013B-4137-A0DC-9700BCB984C6}.Debug|Any CPU.ActiveCfg = Debug|Any CPU
		{1FC1E56C-013B-4137-A0DC-9700BCB984C6}.Debug|Any CPU.Build.0 = Debug|Any CPU
		{1FC1E56C-013B-4137-A0DC-9700BCB984C6}.Release|Any CPU.ActiveCfg = Release|Any CPU
		{1FC1E56C-013B-4137-A0DC-9700BCB984C6}.Release|Any CPU.Build.0 = Release|Any CPU
	EndGlobalSection
	GlobalSection(SolutionProperties) = preSolution
		HideSolutionNode = FALSE
	EndGlobalSection
	GlobalSection(ExtensibilityGlobals) = postSolution
		SolutionGuid = {7358EBAE-5C1D-44F0-A047-888767425F4F}
	EndGlobalSection
EndGlobal
